
Microsoft Visual Studio Solution File, Format Version 12.00
# Visual Studio Version 17
VisualStudioVersion = 17.14.36429.23 d17.14
MinimumVisualStudioVersion = 10.0.40219.1
Project("{FAE04EC0-301F-11D3-BF4B-00C04F79EFBC}") = "CB-Gift", "CB-Gift\CB-Gift.csproj", "{606647A2-C454-4205-A20C-FD3A2822D4A7}"
EndProject
Global
	GlobalSection(SolutionConfigurationPlatforms) = preSolution
		Debug|Any CPU = Debug|Any CPU
		Release|Any CPU = Release|Any CPU
	EndGlobalSection
	GlobalSection(ProjectConfigurationPlatforms) = postSolution
		{606647A2-C454-4205-A20C-FD3A2822D4A7}.Debug|Any CPU.ActiveCfg = Debug|Any CPU
		{606647A2-C454-4205-A20C-FD3A2822D4A7}.Debug|Any CPU.Build.0 = Debug|Any CPU
		{606647A2-C454-4205-A20C-FD3A2822D4A7}.Release|Any CPU.ActiveCfg = Release|Any CPU
		{606647A2-C454-4205-A20C-FD3A2822D4A7}.Release|Any CPU.Build.0 = Release|Any CPU
	EndGlobalSection
	GlobalSection(SolutionProperties) = preSolution
		HideSolutionNode = FALSE
	EndGlobalSection
	GlobalSection(ExtensibilityGlobals) = postSolution
		SolutionGuid = {8CBF1DD2-6E6A-4013-96C8-C3C74AF6FA87}
	EndGlobalSection
EndGlobal
